
Microsoft Visual Studio Solution File, Format Version 12.00
Project("{2150E333-8FDC-42A3-9474-1A3956D46DE8}") = "Solution Folder", "Solution Folder", "{F3537687-16CC-477B-834E-2E251D16973B}"
	ProjectSection(SolutionItems) = preProject
		Directory.Packages.props = Directory.Packages.props
		ReadMe.md = ReadMe.md
		.gitignore = .gitignore
		.editorconfig = .editorconfig
	EndProjectSection
EndProject
Project("{FAE04EC0-301F-11D3-BF4B-00C04F79EFBC}") = "MartenCqrs", "src\MartenCqrs\MartenCqrs.csproj", "{2F90E972-866C-410D-82F3-0C4A25B64D0B}"
EndProject
Project("{FAE04EC0-301F-11D3-BF4B-00C04F79EFBC}") = "MartenCqrs.Query", "src\MartenCqrs.Query\MartenCqrs.Query.csproj", "{DED1268B-0F68-411C-95D3-C07CF3C47B12}"
EndProject
Project("{FAE04EC0-301F-11D3-BF4B-00C04F79EFBC}") = "Wolverine.Service", "src\Wolverine.Service\Wolverine.Service.csproj", "{32D1B2FA-4446-4488-AB9F-9F7E7D17CDCE}"
EndProject
Project("{2150E333-8FDC-42A3-9474-1A3956D46DE8}") = "Docker", "Docker", "{091B529F-D9CB-4DD1-A9CD-352C73ACF9C4}"
	ProjectSection(SolutionItems) = preProject
		infra\compose.yaml = infra\compose.yaml
		infra\.env = infra\.env
	EndProjectSection
EndProject
Project("{2150E333-8FDC-42A3-9474-1A3956D46DE8}") = "config", "config", "{6C2E0070-D089-464E-A436-D28C28E9FD55}"
	ProjectSection(SolutionItems) = preProject
		infra\config\service-bus.config.json = infra\config\service-bus.config.json
	EndProjectSection
EndProject
Global
	GlobalSection(SolutionConfigurationPlatforms) = preSolution
		Debug|Any CPU = Debug|Any CPU
		Release|Any CPU = Release|Any CPU
	EndGlobalSection
	GlobalSection(ProjectConfigurationPlatforms) = postSolution
		{2F90E972-866C-410D-82F3-0C4A25B64D0B}.Debug|Any CPU.ActiveCfg = Debug|Any CPU
		{2F90E972-866C-410D-82F3-0C4A25B64D0B}.Debug|Any CPU.Build.0 = Debug|Any CPU
		{2F90E972-866C-410D-82F3-0C4A25B64D0B}.Release|Any CPU.ActiveCfg = Release|Any CPU
		{2F90E972-866C-410D-82F3-0C4A25B64D0B}.Release|Any CPU.Build.0 = Release|Any CPU
		{DED1268B-0F68-411C-95D3-C07CF3C47B12}.Debug|Any CPU.ActiveCfg = Debug|Any CPU
		{DED1268B-0F68-411C-95D3-C07CF3C47B12}.Debug|Any CPU.Build.0 = Debug|Any CPU
		{DED1268B-0F68-411C-95D3-C07CF3C47B12}.Release|Any CPU.ActiveCfg = Release|Any CPU
		{DED1268B-0F68-411C-95D3-C07CF3C47B12}.Release|Any CPU.Build.0 = Release|Any CPU
		{32D1B2FA-4446-4488-AB9F-9F7E7D17CDCE}.Debug|Any CPU.ActiveCfg = Debug|Any CPU
		{32D1B2FA-4446-4488-AB9F-9F7E7D17CDCE}.Debug|Any CPU.Build.0 = Debug|Any CPU
		{32D1B2FA-4446-4488-AB9F-9F7E7D17CDCE}.Release|Any CPU.ActiveCfg = Release|Any CPU
		{32D1B2FA-4446-4488-AB9F-9F7E7D17CDCE}.Release|Any CPU.Build.0 = Release|Any CPU
	EndGlobalSection
	GlobalSection(NestedProjects) = preSolution
		{091B529F-D9CB-4DD1-A9CD-352C73ACF9C4} = {F3537687-16CC-477B-834E-2E251D16973B}
		{6C2E0070-D089-464E-A436-D28C28E9FD55} = {091B529F-D9CB-4DD1-A9CD-352C73ACF9C4}
	EndGlobalSection
EndGlobal
